
Microsoft Visual Studio Solution File, Format Version 12.00
# Visual Studio Version 17
VisualStudioVersion = 17.13.35825.156 d17.13
MinimumVisualStudioVersion = 10.0.40219.1
Project("{FAE04EC0-301F-11D3-BF4B-00C04F79EFBC}") = "ReflectionTask", "ReflectionTask\ReflectionTask.csproj", "{9AE65A00-FC1D-4ACC-A521-F62DC19D81AB}"
EndProject
Global
	GlobalSection(SolutionConfigurationPlatforms) = preSolution
		Debug|Any CPU = Debug|Any CPU
		Release|Any CPU = Release|Any CPU
	EndGlobalSection
	GlobalSection(ProjectConfigurationPlatforms) = postSolution
		{9AE65A00-FC1D-4ACC-A521-F62DC19D81AB}.Debug|Any CPU.ActiveCfg = Debug|Any CPU
		{9AE65A00-FC1D-4ACC-A521-F62DC19D81AB}.Debug|Any CPU.Build.0 = Debug|Any CPU
		{9AE65A00-FC1D-4ACC-A521-F62DC19D81AB}.Release|Any CPU.ActiveCfg = Release|Any CPU
		{9AE65A00-FC1D-4ACC-A521-F62DC19D81AB}.Release|Any CPU.Build.0 = Release|Any CPU
	EndGlobalSection
	GlobalSection(SolutionProperties) = preSolution
		HideSolutionNode = FALSE
	EndGlobalSection
	GlobalSection(ExtensibilityGlobals) = postSolution
		SolutionGuid = {3451F793-AC96-47B8-9F06-033A69DEFE89}
	EndGlobalSection
EndGlobal
